
Microsoft Visual Studio Solution File, Format Version 12.00
# Visual Studio Version 16
VisualStudioVersion = 16.0.29613.14
MinimumVisualStudioVersion = 10.0.40219.1
Project("{9A19103F-16F7-4668-BE54-9A1E7A4F7556}") = "Yin.Umbrella.GateWay", "Yin.Umbrella.GateWay\Yin.Umbrella.GateWay.csproj", "{C7A95C3A-3D06-499D-B552-4CB15EA5F16D}"
	ProjectSection(ProjectDependencies) = postProject
		{10B30734-FF36-439C-ADAA-9E38110F0518} = {10B30734-FF36-439C-ADAA-9E38110F0518}
		{18FA2BEF-F51C-441F-B3AD-A2BAE80F828B} = {18FA2BEF-F51C-441F-B3AD-A2BAE80F828B}
	EndProjectSection
EndProject
Project("{9A19103F-16F7-4668-BE54-9A1E7A4F7556}") = "Yin.Umbrella.DTO", "Yin.Umbrella.DTO\Yin.Umbrella.DTO.csproj", "{10B30734-FF36-439C-ADAA-9E38110F0518}"
	ProjectSection(ProjectDependencies) = postProject
		{18FA2BEF-F51C-441F-B3AD-A2BAE80F828B} = {18FA2BEF-F51C-441F-B3AD-A2BAE80F828B}
	EndProjectSection
EndProject
Project("{9A19103F-16F7-4668-BE54-9A1E7A4F7556}") = "Yin.Umbrella.Util", "Yin.Umbrella.Util\Yin.Umbrella.Util.csproj", "{18FA2BEF-F51C-441F-B3AD-A2BAE80F828B}"
EndProject
Project("{FAE04EC0-301F-11D3-BF4B-00C04F79EFBC}") = "Yin.Umbrella.Web", "Yin.Umbrella.Web\Yin.Umbrella.Web.csproj", "{3915CAD3-4BCA-466E-8866-0721A5F81A54}"
EndProject
Project("{FAE04EC0-301F-11D3-BF4B-00C04F79EFBC}") = "Yin.Umbrella.Core", "Yin.Umbrella.Core\Yin.Umbrella.Core.csproj", "{9E9EDC65-8C3B-40E8-9A3C-6697F55E70BC}"
EndProject
Project("{FAE04EC0-301F-11D3-BF4B-00C04F79EFBC}") = "Yin.Umbrella.Test", "Yin.Umbrella.Test\Yin.Umbrella.Test.csproj", "{504E7596-BA62-4DF0-A566-A194854EB0BE}"
EndProject
Global
	GlobalSection(SolutionConfigurationPlatforms) = preSolution
		Debug|Any CPU = Debug|Any CPU
		Release|Any CPU = Release|Any CPU
	EndGlobalSection
	GlobalSection(ProjectConfigurationPlatforms) = postSolution
		{C7A95C3A-3D06-499D-B552-4CB15EA5F16D}.Debug|Any CPU.ActiveCfg = Debug|Any CPU
		{C7A95C3A-3D06-499D-B552-4CB15EA5F16D}.Debug|Any CPU.Build.0 = Debug|Any CPU
		{C7A95C3A-3D06-499D-B552-4CB15EA5F16D}.Release|Any CPU.ActiveCfg = Release|Any CPU
		{C7A95C3A-3D06-499D-B552-4CB15EA5F16D}.Release|Any CPU.Build.0 = Release|Any CPU
		{10B30734-FF36-439C-ADAA-9E38110F0518}.Debug|Any CPU.ActiveCfg = Debug|Any CPU
		{10B30734-FF36-439C-ADAA-9E38110F0518}.Debug|Any CPU.Build.0 = Debug|Any CPU
		{10B30734-FF36-439C-ADAA-9E38110F0518}.Release|Any CPU.ActiveCfg = Release|Any CPU
		{10B30734-FF36-439C-ADAA-9E38110F0518}.Release|Any CPU.Build.0 = Release|Any CPU
		{18FA2BEF-F51C-441F-B3AD-A2BAE80F828B}.Debug|Any CPU.ActiveCfg = Debug|Any CPU
		{18FA2BEF-F51C-441F-B3AD-A2BAE80F828B}.Debug|Any CPU.Build.0 = Debug|Any CPU
		{18FA2BEF-F51C-441F-B3AD-A2BAE80F828B}.Release|Any CPU.ActiveCfg = Release|Any CPU
		{18FA2BEF-F51C-441F-B3AD-A2BAE80F828B}.Release|Any CPU.Build.0 = Release|Any CPU
		{3915CAD3-4BCA-466E-8866-0721A5F81A54}.Debug|Any CPU.ActiveCfg = Debug|Any CPU
		{3915CAD3-4BCA-466E-8866-0721A5F81A54}.Debug|Any CPU.Build.0 = Debug|Any CPU
		{3915CAD3-4BCA-466E-8866-0721A5F81A54}.Release|Any CPU.ActiveCfg = Release|Any CPU
		{3915CAD3-4BCA-466E-8866-0721A5F81A54}.Release|Any CPU.Build.0 = Release|Any CPU
		{9E9EDC65-8C3B-40E8-9A3C-6697F55E70BC}.Debug|Any CPU.ActiveCfg = Debug|Any CPU
		{9E9EDC65-8C3B-40E8-9A3C-6697F55E70BC}.Debug|Any CPU.Build.0 = Debug|Any CPU
		{9E9EDC65-8C3B-40E8-9A3C-6697F55E70BC}.Release|Any CPU.ActiveCfg = Release|Any CPU
		{9E9EDC65-8C3B-40E8-9A3C-6697F55E70BC}.Release|Any CPU.Build.0 = Release|Any CPU
		{504E7596-BA62-4DF0-A566-A194854EB0BE}.Debug|Any CPU.ActiveCfg = Debug|Any CPU
		{504E7596-BA62-4DF0-A566-A194854EB0BE}.Debug|Any CPU.Build.0 = Debug|Any CPU
		{504E7596-BA62-4DF0-A566-A194854EB0BE}.Release|Any CPU.ActiveCfg = Release|Any CPU
		{504E7596-BA62-4DF0-A566-A194854EB0BE}.Release|Any CPU.Build.0 = Release|Any CPU
	EndGlobalSection
	GlobalSection(SolutionProperties) = preSolution
		HideSolutionNode = FALSE
	EndGlobalSection
	GlobalSection(ExtensibilityGlobals) = postSolution
		SolutionGuid = {B07F1B09-9EE9-49F9-AF5C-C87636D9AA86}
	EndGlobalSection
EndGlobal
